// !$*UTF8*$!
{
	archiveVersion = 1;
	classes = {
	};
	objectVersion = 46;
	objects = {

/* Begin PBXBuildFile section */
		C5C25D01178531C80060C334 /* Vector2D.m in Sources */ = {isa = PBXBuildFile; fileRef = C5C25D00178531C80060C334 /* Vector2D.m */; };
		C5F15D98178484970065C4CC /* Foundation.framework in Frameworks */ = {isa = PBXBuildFile; fileRef = C5F15D97178484970065C4CC /* Foundation.framework */; };
		C5F15D9A178484970065C4CC /* CoreGraphics.framework in Frameworks */ = {isa = PBXBuildFile; fileRef = C5F15D99178484970065C4CC /* CoreGraphics.framework */; };
		C5F15D9C178484970065C4CC /* UIKit.framework in Frameworks */ = {isa = PBXBuildFile; fileRef = C5F15D9B178484970065C4CC /* UIKit.framework */; };
		C5F15D9E178484970065C4CC /* SpriteKit.framework in Frameworks */ = {isa = PBXBuildFile; fileRef = C5F15D9D178484970065C4CC /* SpriteKit.framework */; };
		C5F15DA4178484970065C4CC /* InfoPlist.strings in Resources */ = {isa = PBXBuildFile; fileRef = C5F15DA2178484970065C4CC /* InfoPlist.strings */; };
		C5F15DA6178484970065C4CC /* main.m in Sources */ = {isa = PBXBuildFile; fileRef = C5F15DA5178484970065C4CC /* main.m */; };
		C5F15DAA178484970065C4CC /* AppDelegate.m in Sources */ = {isa = PBXBuildFile; fileRef = C5F15DA9178484970065C4CC /* AppDelegate.m */; };
		C5F15DAD178484970065C4CC /* Main.storyboard in Resources */ = {isa = PBXBuildFile; fileRef = C5F15DAB178484970065C4CC /* Main.storyboard */; };
		C5F15DB0178484970065C4CC /* ViewController.m in Sources */ = {isa = PBXBuildFile; fileRef = C5F15DAF178484970065C4CC /* ViewController.m */; };
		C5F15DB3178484970065C4CC /* MyScene.m in Sources */ = {isa = PBXBuildFile; fileRef = C5F15DB2178484970065C4CC /* MyScene.m */; };
		C5F15DB7178484970065C4CC /* Images.xcassets in Resources */ = {isa = PBXBuildFile; fileRef = C5F15DB6178484970065C4CC /* Images.xcassets */; };
		C5F15DBE178484970065C4CC /* XCTest.framework in Frameworks */ = {isa = PBXBuildFile; fileRef = C5F15DBD178484970065C4CC /* XCTest.framework */; };
		C5F15DBF178484970065C4CC /* Foundation.framework in Frameworks */ = {isa = PBXBuildFile; fileRef = C5F15D97178484970065C4CC /* Foundation.framework */; };
		C5F15DC0178484970065C4CC /* UIKit.framework in Frameworks */ = {isa = PBXBuildFile; fileRef = C5F15D9B178484970065C4CC /* UIKit.framework */; };
		C5F15DC8178484970065C4CC /* InfoPlist.strings in Resources */ = {isa = PBXBuildFile; fileRef = C5F15DC6178484970065C4CC /* InfoPlist.strings */; };
		C5F15DCA178484970065C4CC /* FlockTestTests.m in Sources */ = {isa = PBXBuildFile; fileRef = C5F15DC9178484970065C4CC /* FlockTestTests.m */; };
		C5F15DD617848C460065C4CC /* Boid.m in Sources */ = {isa = PBXBuildFile; fileRef = C5F15DD517848C460065C4CC /* Boid.m */; };
		C5F15DD91784D9F30065C4CC /* Flock.m in Sources */ = {isa = PBXBuildFile; fileRef = C5F15DD81784D9F30065C4CC /* Flock.m */; };
/* End PBXBuildFile section */

/* Begin PBXContainerItemProxy section */
		C5F15DC1178484970065C4CC /* PBXContainerItemProxy */ = {
			isa = PBXContainerItemProxy;
			containerPortal = C5F15D8C178484970065C4CC /* Project object */;
			proxyType = 1;
			remoteGlobalIDString = C5F15D93178484970065C4CC;
			remoteInfo = FlockTest;
		};
/* End PBXContainerItemProxy section */

/* Begin PBXFileReference section */
		C5C25CFF178531C80060C334 /* Vector2D.h */ = {isa = PBXFileReference; fileEncoding = 4; lastKnownFileType = sourcecode.c.h; path = Vector2D.h; sourceTree = "<group>"; };
		C5C25D00178531C80060C334 /* Vector2D.m */ = {isa = PBXFileReference; fileEncoding = 4; lastKnownFileType = sourcecode.c.objc; path = Vector2D.m; sourceTree = "<group>"; };
		C5F15D94178484970065C4CC /* FlockTest.app */ = {isa = PBXFileReference; explicitFileType = wrapper.application; includeInIndex = 0; path = FlockTest.app; sourceTree = BUILT_PRODUCTS_DIR; };
		C5F15D97178484970065C4CC /* Foundation.framework */ = {isa = PBXFileReference; lastKnownFileType = wrapper.framework; name = Foundation.framework; path = System/Library/Frameworks/Foundation.framework; sourceTree = SDKROOT; };
		C5F15D99178484970065C4CC /* CoreGraphics.framework */ = {isa = PBXFileReference; lastKnownFileType = wrapper.framework; name = CoreGraphics.framework; path = System/Library/Frameworks/CoreGraphics.framework; sourceTree = SDKROOT; };
		C5F15D9B178484970065C4CC /* UIKit.framework */ = {isa = PBXFileReference; lastKnownFileType = wrapper.framework; name = UIKit.framework; path = System/Library/Frameworks/UIKit.framework; sourceTree = SDKROOT; };
		C5F15D9D178484970065C4CC /* SpriteKit.framework */ = {isa = PBXFileReference; lastKnownFileType = wrapper.framework; name = SpriteKit.framework; path = System/Library/Frameworks/SpriteKit.framework; sourceTree = SDKROOT; };
		C5F15DA1178484970065C4CC /* FlockTest-Info.plist */ = {isa = PBXFileReference; lastKnownFileType = text.plist.xml; path = "FlockTest-Info.plist"; sourceTree = "<group>"; };
		C5F15DA3178484970065C4CC /* en */ = {isa = PBXFileReference; lastKnownFileType = text.plist.strings; name = en; path = en.lproj/InfoPlist.strings; sourceTree = "<group>"; };
		C5F15DA5178484970065C4CC /* main.m */ = {isa = PBXFileReference; lastKnownFileType = sourcecode.c.objc; path = main.m; sourceTree = "<group>"; };
		C5F15DA7178484970065C4CC /* FlockTest-Prefix.pch */ = {isa = PBXFileReference; lastKnownFileType = sourcecode.c.h; path = "FlockTest-Prefix.pch"; sourceTree = "<group>"; };
		C5F15DA8178484970065C4CC /* AppDelegate.h */ = {isa = PBXFileReference; lastKnownFileType = sourcecode.c.h; path = AppDelegate.h; sourceTree = "<group>"; };
		C5F15DA9178484970065C4CC /* AppDelegate.m */ = {isa = PBXFileReference; lastKnownFileType = sourcecode.c.objc; path = AppDelegate.m; sourceTree = "<group>"; };
		C5F15DAC178484970065C4CC /* Base */ = {isa = PBXFileReference; lastKnownFileType = file.storyboard; name = Base; path = Base.lproj/Main.storyboard; sourceTree = "<group>"; };
		C5F15DAE178484970065C4CC /* ViewController.h */ = {isa = PBXFileReference; lastKnownFileType = sourcecode.c.h; path = ViewController.h; sourceTree = "<group>"; };
		C5F15DAF178484970065C4CC /* ViewController.m */ = {isa = PBXFileReference; lastKnownFileType = sourcecode.c.objc; path = ViewController.m; sourceTree = "<group>"; };
		C5F15DB1178484970065C4CC /* MyScene.h */ = {isa = PBXFileReference; lastKnownFileType = sourcecode.c.h; path = MyScene.h; sourceTree = "<group>"; };
		C5F15DB2178484970065C4CC /* MyScene.m */ = {isa = PBXFileReference; lastKnownFileType = sourcecode.c.objc; path = MyScene.m; sourceTree = "<group>"; };
		C5F15DB6178484970065C4CC /* Images.xcassets */ = {isa = PBXFileReference; lastKnownFileType = folder.assetcatalog; path = Images.xcassets; sourceTree = "<group>"; };
		C5F15DBC178484970065C4CC /* FlockTestTests.xctest */ = {isa = PBXFileReference; explicitFileType = wrapper.cfbundle; includeInIndex = 0; path = FlockTestTests.xctest; sourceTree = BUILT_PRODUCTS_DIR; };
		C5F15DBD178484970065C4CC /* XCTest.framework */ = {isa = PBXFileReference; lastKnownFileType = wrapper.framework; name = XCTest.framework; path = Library/Frameworks/XCTest.framework; sourceTree = DEVELOPER_DIR; };
		C5F15DC5178484970065C4CC /* FlockTestTests-Info.plist */ = {isa = PBXFileReference; lastKnownFileType = text.plist.xml; path = "FlockTestTests-Info.plist"; sourceTree = "<group>"; };
		C5F15DC7178484970065C4CC /* en */ = {isa = PBXFileReference; lastKnownFileType = text.plist.strings; name = en; path = en.lproj/InfoPlist.strings; sourceTree = "<group>"; };
		C5F15DC9178484970065C4CC /* FlockTestTests.m */ = {isa = PBXFileReference; lastKnownFileType = sourcecode.c.objc; path = FlockTestTests.m; sourceTree = "<group>"; };
		C5F15DD417848C460065C4CC /* Boid.h */ = {isa = PBXFileReference; fileEncoding = 4; lastKnownFileType = sourcecode.c.h; name = Boid.h; path = Flock/Boid.h; sourceTree = "<group>"; };
		C5F15DD517848C460065C4CC /* Boid.m */ = {isa = PBXFileReference; fileEncoding = 4; lastKnownFileType = sourcecode.c.objc; name = Boid.m; path = Flock/Boid.m; sourceTree = "<group>"; };
		C5F15DD71784D9F30065C4CC /* Flock.h */ = {isa = PBXFileReference; fileEncoding = 4; lastKnownFileType = sourcecode.c.h; name = Flock.h; path = Flock/Flock.h; sourceTree = "<group>"; };
		C5F15DD81784D9F30065C4CC /* Flock.m */ = {isa = PBXFileReference; fileEncoding = 4; lastKnownFileType = sourcecode.c.objc; name = Flock.m; path = Flock/Flock.m; sourceTree = "<group>"; };
/* End PBXFileReference section */

/* Begin PBXFrameworksBuildPhase section */
		C5F15D91178484970065C4CC /* Frameworks */ = {
			isa = PBXFrameworksBuildPhase;
			buildActionMask = 2147483647;
			files = (
				C5F15D9A178484970065C4CC /* CoreGraphics.framework in Frameworks */,
				C5F15D9C178484970065C4CC /* UIKit.framework in Frameworks */,
				C5F15D9E178484970065C4CC /* SpriteKit.framework in Frameworks */,
				C5F15D98178484970065C4CC /* Foundation.framework in Frameworks */,
			);
			runOnlyForDeploymentPostprocessing = 0;
		};
		C5F15DB9178484970065C4CC /* Frameworks */ = {
			isa = PBXFrameworksBuildPhase;
			buildActionMask = 2147483647;
			files = (
				C5F15DBE178484970065C4CC /* XCTest.framework in Frameworks */,
				C5F15DC0178484970065C4CC /* UIKit.framework in Frameworks */,
				C5F15DBF178484970065C4CC /* Foundation.framework in Frameworks */,
			);
			runOnlyForDeploymentPostprocessing = 0;
		};
/* End PBXFrameworksBuildPhase section */

/* Begin PBXGroup section */
		C5C25CFE178531C80060C334 /* Vector2D-master */ = {
			isa = PBXGroup;
			children = (
				C5C25CFF178531C80060C334 /* Vector2D.h */,
				C5C25D00178531C80060C334 /* Vector2D.m */,
			);
			path = "Vector2D-master";
			sourceTree = "<group>";
		};
		C5F15D8B178484970065C4CC = {
			isa = PBXGroup;
			children = (
				C5F15D9F178484970065C4CC /* FlockTest */,
				C5F15DC3178484970065C4CC /* FlockTestTests */,
				C5F15D96178484970065C4CC /* Frameworks */,
				C5F15D95178484970065C4CC /* Products */,
			);
			sourceTree = "<group>";
		};
		C5F15D95178484970065C4CC /* Products */ = {
			isa = PBXGroup;
			children = (
				C5F15D94178484970065C4CC /* FlockTest.app */,
				C5F15DBC178484970065C4CC /* FlockTestTests.xctest */,
			);
			name = Products;
			sourceTree = "<group>";
		};
		C5F15D96178484970065C4CC /* Frameworks */ = {
			isa = PBXGroup;
			children = (
				C5F15D97178484970065C4CC /* Foundation.framework */,
				C5F15D99178484970065C4CC /* CoreGraphics.framework */,
				C5F15D9B178484970065C4CC /* UIKit.framework */,
				C5F15D9D178484970065C4CC /* SpriteKit.framework */,
				C5F15DBD178484970065C4CC /* XCTest.framework */,
			);
			name = Frameworks;
			sourceTree = "<group>";
		};
		C5F15D9F178484970065C4CC /* FlockTest */ = {
			isa = PBXGroup;
			children = (
				C5C25CFE178531C80060C334 /* Vector2D-master */,
				C5F15DD317848C0F0065C4CC /* Flock */,
				C5F15DA8178484970065C4CC /* AppDelegate.h */,
				C5F15DA9178484970065C4CC /* AppDelegate.m */,
				C5F15DAB178484970065C4CC /* Main.storyboard */,
				C5F15DAE178484970065C4CC /* ViewController.h */,
				C5F15DAF178484970065C4CC /* ViewController.m */,
				C5F15DB1178484970065C4CC /* MyScene.h */,
				C5F15DB2178484970065C4CC /* MyScene.m */,
				C5F15DB6178484970065C4CC /* Images.xcassets */,
				C5F15DA0178484970065C4CC /* Supporting Files */,
			);
			path = FlockTest;
			sourceTree = "<group>";
		};
		C5F15DA0178484970065C4CC /* Supporting Files */ = {
			isa = PBXGroup;
			children = (
				C5F15DA1178484970065C4CC /* FlockTest-Info.plist */,
				C5F15DA2178484970065C4CC /* InfoPlist.strings */,
				C5F15DA5178484970065C4CC /* main.m */,
				C5F15DA7178484970065C4CC /* FlockTest-Prefix.pch */,
			);
			name = "Supporting Files";
			sourceTree = "<group>";
		};
		C5F15DC3178484970065C4CC /* FlockTestTests */ = {
			isa = PBXGroup;
			children = (
				C5F15DC9178484970065C4CC /* FlockTestTests.m */,
				C5F15DC4178484970065C4CC /* Supporting Files */,
			);
			path = FlockTestTests;
			sourceTree = "<group>";
		};
		C5F15DC4178484970065C4CC /* Supporting Files */ = {
			isa = PBXGroup;
			children = (
				C5F15DC5178484970065C4CC /* FlockTestTests-Info.plist */,
				C5F15DC6178484970065C4CC /* InfoPlist.strings */,
			);
			name = "Supporting Files";
			sourceTree = "<group>";
		};
		C5F15DD317848C0F0065C4CC /* Flock */ = {
			isa = PBXGroup;
			children = (
				C5F15DD417848C460065C4CC /* Boid.h */,
				C5F15DD517848C460065C4CC /* Boid.m */,
				C5F15DD71784D9F30065C4CC /* Flock.h */,
				C5F15DD81784D9F30065C4CC /* Flock.m */,
			);
			name = Flock;
			sourceTree = "<group>";
		};
/* End PBXGroup section */

/* Begin PBXNativeTarget section */
		C5F15D93178484970065C4CC /* FlockTest */ = {
			isa = PBXNativeTarget;
			buildConfigurationList = C5F15DCD178484970065C4CC /* Build configuration list for PBXNativeTarget "FlockTest" */;
			buildPhases = (
				C5F15D90178484970065C4CC /* Sources */,
				C5F15D91178484970065C4CC /* Frameworks */,
				C5F15D92178484970065C4CC /* Resources */,
			);
			buildRules = (
			);
			dependencies = (
			);
			name = FlockTest;
			productName = FlockTest;
			productReference = C5F15D94178484970065C4CC /* FlockTest.app */;
			productType = "com.apple.product-type.application";
		};
		C5F15DBB178484970065C4CC /* FlockTestTests */ = {
			isa = PBXNativeTarget;
			buildConfigurationList = C5F15DD0178484970065C4CC /* Build configuration list for PBXNativeTarget "FlockTestTests" */;
			buildPhases = (
				C5F15DB8178484970065C4CC /* Sources */,
				C5F15DB9178484970065C4CC /* Frameworks */,
				C5F15DBA178484970065C4CC /* Resources */,
			);
			buildRules = (
			);
			dependencies = (
				C5F15DC2178484970065C4CC /* PBXTargetDependency */,
			);
			name = FlockTestTests;
			productName = FlockTestTests;
			productReference = C5F15DBC178484970065C4CC /* FlockTestTests.xctest */;
			productType = "com.apple.product-type.bundle.unit-test";
		};
/* End PBXNativeTarget section */

/* Begin PBXProject section */
		C5F15D8C178484970065C4CC /* Project object */ = {
			isa = PBXProject;
			attributes = {
				LastUpgradeCheck = 0500;
				ORGANIZATIONNAME = "Seth howard";
				TargetAttributes = {
					C5F15DBB178484970065C4CC = {
						TestTargetID = C5F15D93178484970065C4CC;
					};
				};
			};
			buildConfigurationList = C5F15D8F178484970065C4CC /* Build configuration list for PBXProject "FlockTest" */;
			compatibilityVersion = "Xcode 3.2";
			developmentRegion = English;
			hasScannedForEncodings = 0;
			knownRegions = (
				en,
				Base,
			);
			mainGroup = C5F15D8B178484970065C4CC;
			productRefGroup = C5F15D95178484970065C4CC /* Products */;
			projectDirPath = "";
			projectRoot = "";
			targets = (
				C5F15D93178484970065C4CC /* FlockTest */,
				C5F15DBB178484970065C4CC /* FlockTestTests */,
			);
		};
/* End PBXProject section */

/* Begin PBXResourcesBuildPhase section */
		C5F15D92178484970065C4CC /* Resources */ = {
			isa = PBXResourcesBuildPhase;
			buildActionMask = 2147483647;
			files = (
				C5F15DA4178484970065C4CC /* InfoPlist.strings in Resources */,
				C5F15DB7178484970065C4CC /* Images.xcassets in Resources */,
				C5F15DAD178484970065C4CC /* Main.storyboard in Resources */,
			);
			runOnlyForDeploymentPostprocessing = 0;
		};
		C5F15DBA178484970065C4CC /* Resources */ = {
			isa = PBXResourcesBuildPhase;
			buildActionMask = 2147483647;
			files = (
				C5F15DC8178484970065C4CC /* InfoPlist.strings in Resources */,
			);
			runOnlyForDeploymentPostprocessing = 0;
		};
/* End PBXResourcesBuildPhase section */

/* Begin PBXSourcesBuildPhase section */
		C5F15D90178484970065C4CC /* Sources */ = {
			isa = PBXSourcesBuildPhase;
			buildActionMask = 2147483647;
			files = (
				C5F15DD617848C460065C4CC /* Boid.m in Sources */,
				C5F15DB3178484970065C4CC /* MyScene.m in Sources */,
				C5F15DB0178484970065C4CC /* ViewController.m in Sources */,
				C5F15DD91784D9F30065C4CC /* Flock.m in Sources */,
				C5C25D01178531C80060C334 /* Vector2D.m in Sources */,
				C5F15DAA178484970065C4CC /* AppDelegate.m in Sources */,
				C5F15DA6178484970065C4CC /* main.m in Sources */,
			);
			runOnlyForDeploymentPostprocessing = 0;
		};
		C5F15DB8178484970065C4CC /* Sources */ = {
			isa = PBXSourcesBuildPhase;
			buildActionMask = 2147483647;
			files = (
				C5F15DCA178484970065C4CC /* FlockTestTests.m in Sources */,
			);
			runOnlyForDeploymentPostprocessing = 0;
		};
/* End PBXSourcesBuildPhase section */

/* Begin PBXTargetDependency section */
		C5F15DC2178484970065C4CC /* PBXTargetDependency */ = {
			isa = PBXTargetDependency;
			target = C5F15D93178484970065C4CC /* FlockTest */;
			targetProxy = C5F15DC1178484970065C4CC /* PBXContainerItemProxy */;
		};
/* End PBXTargetDependency section */

/* Begin PBXVariantGroup section */
		C5F15DA2178484970065C4CC /* InfoPlist.strings */ = {
			isa = PBXVariantGroup;
			children = (
				C5F15DA3178484970065C4CC /* en */,
			);
			name = InfoPlist.strings;
			sourceTree = "<group>";
		};
		C5F15DAB178484970065C4CC /* Main.storyboard */ = {
			isa = PBXVariantGroup;
			children = (
				C5F15DAC178484970065C4CC /* Base */,
			);
			name = Main.storyboard;
			sourceTree = "<group>";
		};
		C5F15DC6178484970065C4CC /* InfoPlist.strings */ = {
			isa = PBXVariantGroup;
			children = (
				C5F15DC7178484970065C4CC /* en */,
			);
			name = InfoPlist.strings;
			sourceTree = "<group>";
		};
/* End PBXVariantGroup section */

/* Begin XCBuildConfiguration section */
		C5F15DCB178484970065C4CC /* Debug */ = {
			isa = XCBuildConfiguration;
			buildSettings = {
				ALWAYS_SEARCH_USER_PATHS = NO;
				CLANG_CXX_LANGUAGE_STANDARD = "gnu++0x";
				CLANG_CXX_LIBRARY = "libc++";
				CLANG_ENABLE_MODULES = YES;
				CLANG_ENABLE_OBJC_ARC = YES;
				CLANG_WARN_BOOL_CONVERSION = YES;
				CLANG_WARN_CONSTANT_CONVERSION = YES;
				CLANG_WARN_DIRECT_OBJC_ISA_USAGE = YES_ERROR;
				CLANG_WARN_EMPTY_BODY = YES;
				CLANG_WARN_ENUM_CONVERSION = YES;
				CLANG_WARN_INT_CONVERSION = YES;
				CLANG_WARN_OBJC_ROOT_CLASS = YES_ERROR;
				CLANG_WARN__DUPLICATE_METHOD_MATCH = YES;
				"CODE_SIGN_IDENTITY[sdk=iphoneos*]" = "iPhone Developer";
				COPY_PHASE_STRIP = NO;
				GCC_C_LANGUAGE_STANDARD = gnu99;
				GCC_DYNAMIC_NO_PIC = NO;
				GCC_OPTIMIZATION_LEVEL = 0;
				GCC_PREPROCESSOR_DEFINITIONS = (
					"DEBUG=1",
					"$(inherited)",
				);
				GCC_SYMBOLS_PRIVATE_EXTERN = NO;
				GCC_WARN_ABOUT_RETURN_TYPE = YES_ERROR;
				GCC_WARN_UNDECLARED_SELECTOR = YES;
				GCC_WARN_UNINITIALIZED_AUTOS = YES;
				GCC_WARN_UNUSED_FUNCTION = YES;
				GCC_WARN_UNUSED_VARIABLE = YES;
				IPHONEOS_DEPLOYMENT_TARGET = 7.0;
				ONLY_ACTIVE_ARCH = YES;
				SDKROOT = iphoneos;
				TARGETED_DEVICE_FAMILY = 2;
			};
			name = Debug;
		};
		C5F15DCC178484970065C4CC /* Release */ = {
			isa = XCBuildConfiguration;
			buildSettings = {
				ALWAYS_SEARCH_USER_PATHS = NO;
				CLANG_CXX_LANGUAGE_STANDARD = "gnu++0x";
				CLANG_CXX_LIBRARY = "libc++";
				CLANG_ENABLE_MODULES = YES;
				CLANG_ENABLE_OBJC_ARC = YES;
				CLANG_WARN_BOOL_CONVERSION = YES;
				CLANG_WARN_CONSTANT_CONVERSION = YES;
				CLANG_WARN_DIRECT_OBJC_ISA_USAGE = YES_ERROR;
				CLANG_WARN_EMPTY_BODY = YES;
				CLANG_WARN_ENUM_CONVERSION = YES;
				CLANG_WARN_INT_CONVERSION = YES;
				CLANG_WARN_OBJC_ROOT_CLASS = YES_ERROR;
				CLANG_WARN__DUPLICATE_METHOD_MATCH = YES;
				"CODE_SIGN_IDENTITY[sdk=iphoneos*]" = "iPhone Developer";
				COPY_PHASE_STRIP = YES;
				ENABLE_NS_ASSERTIONS = NO;
				GCC_C_LANGUAGE_STANDARD = gnu99;
				GCC_WARN_ABOUT_RETURN_TYPE = YES_ERROR;
				GCC_WARN_UNDECLARED_SELECTOR = YES;
				GCC_WARN_UNINITIALIZED_AUTOS = YES;
				GCC_WARN_UNUSED_FUNCTION = YES;
				GCC_WARN_UNUSED_VARIABLE = YES;
				IPHONEOS_DEPLOYMENT_TARGET = 7.0;
				SDKROOT = iphoneos;
				TARGETED_DEVICE_FAMILY = 2;
				VALIDATE_PRODUCT = YES;
			};
			name = Release;
		};
		C5F15DCE178484970065C4CC /* Debug */ = {
			isa = XCBuildConfiguration;
			buildSettings = {
				ASSETCATALOG_COMPILER_APPICON_NAME = AppIcon;
				ASSETCATALOG_COMPILER_LAUNCHIMAGE_NAME = LaunchImage;
				GCC_PRECOMPILE_PREFIX_HEADER = YES;
				GCC_PREFIX_HEADER = "FlockTest/FlockTest-Prefix.pch";
				INFOPLIST_FILE = "FlockTest/FlockTest-Info.plist";
				PRODUCT_NAME = "$(TARGET_NAME)";
				SPRITEKIT_TEXTURE_ATLAS_OUTPUT = YES;
				WRAPPER_EXTENSION = app;
			};
			name = Debug;
		};
		C5F15DCF178484970065C4CC /* Release */ = {
			isa = XCBuildConfiguration;
			buildSettings = {
				ASSETCATALOG_COMPILER_APPICON_NAME = AppIcon;
				ASSETCATALOG_COMPILER_LAUNCHIMAGE_NAME = LaunchImage;
				GCC_PRECOMPILE_PREFIX_HEADER = YES;
				GCC_PREFIX_HEADER = "FlockTest/FlockTest-Prefix.pch";
				INFOPLIST_FILE = "FlockTest/FlockTest-Info.plist";
				PRODUCT_NAME = "$(TARGET_NAME)";
				SPRITEKIT_TEXTURE_ATLAS_OUTPUT = YES;
				WRAPPER_EXTENSION = app;
			};
			name = Release;
		};
		C5F15DD1178484970065C4CC /* Debug */ = {
			isa = XCBuildConfiguration;
			buildSettings = {
				BUNDLE_LOADER = "$(BUILT_PRODUCTS_DIR)/FlockTest.app/FlockTest";
				FRAMEWORK_SEARCH_PATHS = (
					"$(SDKROOT)/Developer/Library/Frameworks",
					"$(inherited)",
					"$(SYSTEM_APPS_DIR)/Xcode5-DP2.app/Contents/Developer/Library/Frameworks",
				);
				GCC_PRECOMPILE_PREFIX_HEADER = YES;
				GCC_PREFIX_HEADER = "FlockTest/FlockTest-Prefix.pch";
				GCC_PREPROCESSOR_DEFINITIONS = (
					"DEBUG=1",
					"$(inherited)",
				);
				INFOPLIST_FILE = "FlockTestTests/FlockTestTests-Info.plist";
				PRODUCT_NAME = "$(TARGET_NAME)";
				TEST_HOST = "$(BUNDLE_LOADER)";
				WRAPPER_EXTENSION = xctest;
			};
			name = Debug;
		};
		C5F15DD2178484970065C4CC /* Release */ = {
			isa = XCBuildConfiguration;
			buildSettings = {
				BUNDLE_LOADER = "$(BUILT_PRODUCTS_DIR)/FlockTest.app/FlockTest";
				FRAMEWORK_SEARCH_PATHS = (
					"$(SDKROOT)/Developer/Library/Frameworks",
					"$(inherited)",
					"$(SYSTEM_APPS_DIR)/Xcode5-DP2.app/Contents/Developer/Library/Frameworks",
				);
				GCC_PRECOMPILE_PREFIX_HEADER = YES;
				GCC_PREFIX_HEADER = "FlockTest/FlockTest-Prefix.pch";
				INFOPLIST_FILE = "FlockTestTests/FlockTestTests-Info.plist";
				PRODUCT_NAME = "$(TARGET_NAME)";
				TEST_HOST = "$(BUNDLE_LOADER)";
				WRAPPER_EXTENSION = xctest;
			};
			name = Release;
		};
/* End XCBuildConfiguration section */

/* Begin XCConfigurationList section */
		C5F15D8F178484970065C4CC /* Build configuration list for PBXProject "FlockTest" */ = {
			isa = XCConfigurationList;
			buildConfigurations = (
				C5F15DCB178484970065C4CC /* Debug */,
				C5F15DCC178484970065C4CC /* Release */,
			);
			defaultConfigurationIsVisible = 0;
			defaultConfigurationName = Release;
		};
		C5F15DCD178484970065C4CC /* Build configuration list for PBXNativeTarget "FlockTest" */ = {
			isa = XCConfigurationList;
			buildConfigurations = (
				C5F15DCE178484970065C4CC /* Debug */,
				C5F15DCF178484970065C4CC /* Release */,
			);
			defaultConfigurationIsVisible = 0;
			defaultConfigurationName = Release;
		};
		C5F15DD0178484970065C4CC /* Build configuration list for PBXNativeTarget "FlockTestTests" */ = {
			isa = XCConfigurationList;
			buildConfigurations = (
				C5F15DD1178484970065C4CC /* Debug */,
				C5F15DD2178484970065C4CC /* Release */,
			);
			defaultConfigurationIsVisible = 0;
			defaultConfigurationName = Release;
		};
/* End XCConfigurationList section */
	};
	rootObject = C5F15D8C178484970065C4CC /* Project object */;
}
